// !$*UTF8*$!
{
	archiveVersion = 1;
	classes = {
	};
	objectVersion = 46;
	objects = {

/* Begin PBXBuildFile section */
		1E3FB5171AC5C30D00965D72 /* AppDelegate.swift in Sources */ = {isa = PBXBuildFile; fileRef = 1E3FB5161AC5C30D00965D72 /* AppDelegate.swift */; };
		1E3FB5191AC5C30D00965D72 /* ViewController.swift in Sources */ = {isa = PBXBuildFile; fileRef = 1E3FB5181AC5C30D00965D72 /* ViewController.swift */; };
		1E3FB51C1AC5C30D00965D72 /* Main.storyboard in Resources */ = {isa = PBXBuildFile; fileRef = 1E3FB51A1AC5C30D00965D72 /* Main.storyboard */; };
		1E3FB51E1AC5C30D00965D72 /* Images.xcassets in Resources */ = {isa = PBXBuildFile; fileRef = 1E3FB51D1AC5C30D00965D72 /* Images.xcassets */; };
		1E3FB5211AC5C30D00965D72 /* LaunchScreen.xib in Resources */ = {isa = PBXBuildFile; fileRef = 1E3FB51F1AC5C30D00965D72 /* LaunchScreen.xib */; };
		1E3FB52D1AC5C30D00965D72 /* Tables_with_SliderTests.swift in Sources */ = {isa = PBXBuildFile; fileRef = 1E3FB52C1AC5C30D00965D72 /* Tables_with_SliderTests.swift */; };
/* End PBXBuildFile section */

/* Begin PBXContainerItemProxy section */
		1E3FB5271AC5C30D00965D72 /* PBXContainerItemProxy */ = {
			isa = PBXContainerItemProxy;
			containerPortal = 1E3FB5091AC5C30D00965D72 /* Project object */;
			proxyType = 1;
			remoteGlobalIDString = 1E3FB5101AC5C30D00965D72;
			remoteInfo = "Tables with Slider";
		};
/* End PBXContainerItemProxy section */

/* Begin PBXFileReference section */
		1E3FB5111AC5C30D00965D72 /* Tables with Slider.app */ = {isa = PBXFileReference; explicitFileType = wrapper.application; includeInIndex = 0; path = "Tables with Slider.app"; sourceTree = BUILT_PRODUCTS_DIR; };
		1E3FB5151AC5C30D00965D72 /* Info.plist */ = {isa = PBXFileReference; lastKnownFileType = text.plist.xml; path = Info.plist; sourceTree = "<group>"; };
		1E3FB5161AC5C30D00965D72 /* AppDelegate.swift */ = {isa = PBXFileReference; lastKnownFileType = sourcecode.swift; path = AppDelegate.swift; sourceTree = "<group>"; };
		1E3FB5181AC5C30D00965D72 /* ViewController.swift */ = {isa = PBXFileReference; lastKnownFileType = sourcecode.swift; path = ViewController.swift; sourceTree = "<group>"; };
		1E3FB51B1AC5C30D00965D72 /* Base */ = {isa = PBXFileReference; lastKnownFileType = file.storyboard; name = Base; path = Base.lproj/Main.storyboard; sourceTree = "<group>"; };
		1E3FB51D1AC5C30D00965D72 /* Images.xcassets */ = {isa = PBXFileReference; lastKnownFileType = folder.assetcatalog; path = Images.xcassets; sourceTree = "<group>"; };
		1E3FB5201AC5C30D00965D72 /* Base */ = {isa = PBXFileReference; lastKnownFileType = file.xib; name = Base; path = Base.lproj/LaunchScreen.xib; sourceTree = "<group>"; };
		1E3FB5261AC5C30D00965D72 /* Tables with SliderTests.xctest */ = {isa = PBXFileReference; explicitFileType = wrapper.cfbundle; includeInIndex = 0; path = "Tables with SliderTests.xctest"; sourceTree = BUILT_PRODUCTS_DIR; };
		1E3FB52B1AC5C30D00965D72 /* Info.plist */ = {isa = PBXFileReference; lastKnownFileType = text.plist.xml; path = Info.plist; sourceTree = "<group>"; };
		1E3FB52C1AC5C30D00965D72 /* Tables_with_SliderTests.swift */ = {isa = PBXFileReference; lastKnownFileType = sourcecode.swift; path = Tables_with_SliderTests.swift; sourceTree = "<group>"; };
/* End PBXFileReference section */

/* Begin PBXFrameworksBuildPhase section */
		1E3FB50E1AC5C30D00965D72 /* Frameworks */ = {
			isa = PBXFrameworksBuildPhase;
			buildActionMask = 2147483647;
			files = (
			);
			runOnlyForDeploymentPostprocessing = 0;
		};
		1E3FB5231AC5C30D00965D72 /* Frameworks */ = {
			isa = PBXFrameworksBuildPhase;
			buildActionMask = 2147483647;
			files = (
			);
			runOnlyForDeploymentPostprocessing = 0;
		};
/* End PBXFrameworksBuildPhase section */

/* Begin PBXGroup section */
		1E3FB5081AC5C30D00965D72 = {
			isa = PBXGroup;
			children = (
				1E3FB5131AC5C30D00965D72 /* Tables with Slider */,
				1E3FB5291AC5C30D00965D72 /* Tables with SliderTests */,
				1E3FB5121AC5C30D00965D72 /* Products */,
			);
			sourceTree = "<group>";
		};
		1E3FB5121AC5C30D00965D72 /* Products */ = {
			isa = PBXGroup;
			children = (
				1E3FB5111AC5C30D00965D72 /* Tables with Slider.app */,
				1E3FB5261AC5C30D00965D72 /* Tables with SliderTests.xctest */,
			);
			name = Products;
			sourceTree = "<group>";
		};
		1E3FB5131AC5C30D00965D72 /* Tables with Slider */ = {
			isa = PBXGroup;
			children = (
				1E3FB5161AC5C30D00965D72 /* AppDelegate.swift */,
				1E3FB5181AC5C30D00965D72 /* ViewController.swift */,
				1E3FB51A1AC5C30D00965D72 /* Main.storyboard */,
				1E3FB51D1AC5C30D00965D72 /* Images.xcassets */,
				1E3FB51F1AC5C30D00965D72 /* LaunchScreen.xib */,
				1E3FB5141AC5C30D00965D72 /* Supporting Files */,
			);
			path = "Tables with Slider";
			sourceTree = "<group>";
		};
		1E3FB5141AC5C30D00965D72 /* Supporting Files */ = {
			isa = PBXGroup;
			children = (
				1E3FB5151AC5C30D00965D72 /* Info.plist */,
			);
			name = "Supporting Files";
			sourceTree = "<group>";
		};
		1E3FB5291AC5C30D00965D72 /* Tables with SliderTests */ = {
			isa = PBXGroup;
			children = (
				1E3FB52C1AC5C30D00965D72 /* Tables_with_SliderTests.swift */,
				1E3FB52A1AC5C30D00965D72 /* Supporting Files */,
			);
			path = "Tables with SliderTests";
			sourceTree = "<group>";
		};
		1E3FB52A1AC5C30D00965D72 /* Supporting Files */ = {
			isa = PBXGroup;
			children = (
				1E3FB52B1AC5C30D00965D72 /* Info.plist */,
			);
			name = "Supporting Files";
			sourceTree = "<group>";
		};
/* End PBXGroup section */

/* Begin PBXNativeTarget section */
		1E3FB5101AC5C30D00965D72 /* Tables with Slider */ = {
			isa = PBXNativeTarget;
			buildConfigurationList = 1E3FB5301AC5C30D00965D72 /* Build configuration list for PBXNativeTarget "Tables with Slider" */;
			buildPhases = (
				1E3FB50D1AC5C30D00965D72 /* Sources */,
				1E3FB50E1AC5C30D00965D72 /* Frameworks */,
				1E3FB50F1AC5C30D00965D72 /* Resources */,
			);
			buildRules = (
			);
			dependencies = (
			);
			name = "Tables with Slider";
			productName = "Tables with Slider";
			productReference = 1E3FB5111AC5C30D00965D72 /* Tables with Slider.app */;
			productType = "com.apple.product-type.application";
		};
		1E3FB5251AC5C30D00965D72 /* Tables with SliderTests */ = {
			isa = PBXNativeTarget;
			buildConfigurationList = 1E3FB5331AC5C30D00965D72 /* Build configuration list for PBXNativeTarget "Tables with SliderTests" */;
			buildPhases = (
				1E3FB5221AC5C30D00965D72 /* Sources */,
				1E3FB5231AC5C30D00965D72 /* Frameworks */,
				1E3FB5241AC5C30D00965D72 /* Resources */,
			);
			buildRules = (
			);
			dependencies = (
				1E3FB5281AC5C30D00965D72 /* PBXTargetDependency */,
			);
			name = "Tables with SliderTests";
			productName = "Tables with SliderTests";
			productReference = 1E3FB5261AC5C30D00965D72 /* Tables with SliderTests.xctest */;
			productType = "com.apple.product-type.bundle.unit-test";
		};
/* End PBXNativeTarget section */

/* Begin PBXProject section */
		1E3FB5091AC5C30D00965D72 /* Project object */ = {
			isa = PBXProject;
			attributes = {
				LastUpgradeCheck = 0620;
				ORGANIZATIONNAME = "Siddharth Bhatt";
				TargetAttributes = {
					1E3FB5101AC5C30D00965D72 = {
						CreatedOnToolsVersion = 6.2;
					};
					1E3FB5251AC5C30D00965D72 = {
						CreatedOnToolsVersion = 6.2;
						TestTargetID = 1E3FB5101AC5C30D00965D72;
					};
				};
			};
			buildConfigurationList = 1E3FB50C1AC5C30D00965D72 /* Build configuration list for PBXProject "Tables with Slider" */;
			compatibilityVersion = "Xcode 3.2";
			developmentRegion = English;
			hasScannedForEncodings = 0;
			knownRegions = (
				en,
				Base,
			);
			mainGroup = 1E3FB5081AC5C30D00965D72;
			productRefGroup = 1E3FB5121AC5C30D00965D72 /* Products */;
			projectDirPath = "";
			projectRoot = "";
			targets = (
				1E3FB5101AC5C30D00965D72 /* Tables with Slider */,
				1E3FB5251AC5C30D00965D72 /* Tables with SliderTests */,
			);
		};
/* End PBXProject section */

/* Begin PBXResourcesBuildPhase section */
		1E3FB50F1AC5C30D00965D72 /* Resources */ = {
			isa = PBXResourcesBuildPhase;
			buildActionMask = 2147483647;
			files = (
				1E3FB51C1AC5C30D00965D72 /* Main.storyboard in Resources */,
				1E3FB5211AC5C30D00965D72 /* LaunchScreen.xib in Resources */,
				1E3FB51E1AC5C30D00965D72 /* Images.xcassets in Resources */,
			);
			runOnlyForDeploymentPostprocessing = 0;
		};
		1E3FB5241AC5C30D00965D72 /* Resources */ = {
			isa = PBXResourcesBuildPhase;
			buildActionMask = 2147483647;
			files = (
			);
			runOnlyForDeploymentPostprocessing = 0;
		};
/* End PBXResourcesBuildPhase section */

/* Begin PBXSourcesBuildPhase section */
		1E3FB50D1AC5C30D00965D72 /* Sources */ = {
			isa = PBXSourcesBuildPhase;
			buildActionMask = 2147483647;
			files = (
				1E3FB5191AC5C30D00965D72 /* ViewController.swift in Sources */,
				1E3FB5171AC5C30D00965D72 /* AppDelegate.swift in Sources */,
			);
			runOnlyForDeploymentPostprocessing = 0;
		};
		1E3FB5221AC5C30D00965D72 /* Sources */ = {
			isa = PBXSourcesBuildPhase;
			buildActionMask = 2147483647;
			files = (
				1E3FB52D1AC5C30D00965D72 /* Tables_with_SliderTests.swift in Sources */,
			);
			runOnlyForDeploymentPostprocessing = 0;
		};
/* End PBXSourcesBuildPhase section */

/* Begin PBXTargetDependency section */
		1E3FB5281AC5C30D00965D72 /* PBXTargetDependency */ = {
			isa = PBXTargetDependency;
			target = 1E3FB5101AC5C30D00965D72 /* Tables with Slider */;
			targetProxy = 1E3FB5271AC5C30D00965D72 /* PBXContainerItemProxy */;
		};
/* End PBXTargetDependency section */

/* Begin PBXVariantGroup section */
		1E3FB51A1AC5C30D00965D72 /* Main.storyboard */ = {
			isa = PBXVariantGroup;
			children = (
				1E3FB51B1AC5C30D00965D72 /* Base */,
			);
			name = Main.storyboard;
			sourceTree = "<group>";
		};
		1E3FB51F1AC5C30D00965D72 /* LaunchScreen.xib */ = {
			isa = PBXVariantGroup;
			children = (
				1E3FB5201AC5C30D00965D72 /* Base */,
			);
			name = LaunchScreen.xib;
			sourceTree = "<group>";
		};
/* End PBXVariantGroup section */

/* Begin XCBuildConfiguration section */
		1E3FB52E1AC5C30D00965D72 /* Debug */ = {
			isa = XCBuildConfiguration;
			buildSettings = {
				ALWAYS_SEARCH_USER_PATHS = NO;
				CLANG_CXX_LANGUAGE_STANDARD = "gnu++0x";
				CLANG_CXX_LIBRARY = "libc++";
				CLANG_ENABLE_MODULES = YES;
				CLANG_ENABLE_OBJC_ARC = YES;
				CLANG_WARN_BOOL_CONVERSION = YES;
				CLANG_WARN_CONSTANT_CONVERSION = YES;
				CLANG_WARN_DIRECT_OBJC_ISA_USAGE = YES_ERROR;
				CLANG_WARN_EMPTY_BODY = YES;
				CLANG_WARN_ENUM_CONVERSION = YES;
				CLANG_WARN_INT_CONVERSION = YES;
				CLANG_WARN_OBJC_ROOT_CLASS = YES_ERROR;
				CLANG_WARN_UNREACHABLE_CODE = YES;
				CLANG_WARN__DUPLICATE_METHOD_MATCH = YES;
				"CODE_SIGN_IDENTITY[sdk=iphoneos*]" = "iPhone Developer";
				COPY_PHASE_STRIP = NO;
				ENABLE_STRICT_OBJC_MSGSEND = YES;
				GCC_C_LANGUAGE_STANDARD = gnu99;
				GCC_DYNAMIC_NO_PIC = NO;
				GCC_OPTIMIZATION_LEVEL = 0;
				GCC_PREPROCESSOR_DEFINITIONS = (
					"DEBUG=1",
					"$(inherited)",
				);
				GCC_SYMBOLS_PRIVATE_EXTERN = NO;
				GCC_WARN_64_TO_32_BIT_CONVERSION = YES;
				GCC_WARN_ABOUT_RETURN_TYPE = YES_ERROR;
				GCC_WARN_UNDECLARED_SELECTOR = YES;
				GCC_WARN_UNINITIALIZED_AUTOS = YES_AGGRESSIVE;
				GCC_WARN_UNUSED_FUNCTION = YES;
				GCC_WARN_UNUSED_VARIABLE = YES;
				IPHONEOS_DEPLOYMENT_TARGET = 8.2;
				MTL_ENABLE_DEBUG_INFO = YES;
				ONLY_ACTIVE_ARCH = YES;
				SDKROOT = iphoneos;
				SWIFT_OPTIMIZATION_LEVEL = "-Onone";
			};
			name = Debug;
		};
		1E3FB52F1AC5C30D00965D72 /* Release */ = {
			isa = XCBuildConfiguration;
			buildSettings = {
				ALWAYS_SEARCH_USER_PATHS = NO;
				CLANG_CXX_LANGUAGE_STANDARD = "gnu++0x";
				CLANG_CXX_LIBRARY = "libc++";
				CLANG_ENABLE_MODULES = YES;
				CLANG_ENABLE_OBJC_ARC = YES;
				CLANG_WARN_BOOL_CONVERSION = YES;
				CLANG_WARN_CONSTANT_CONVERSION = YES;
				CLANG_WARN_DIRECT_OBJC_ISA_USAGE = YES_ERROR;
				CLANG_WARN_EMPTY_BODY = YES;
				CLANG_WARN_ENUM_CONVERSION = YES;
				CLANG_WARN_INT_CONVERSION = YES;
				CLANG_WARN_OBJC_ROOT_CLASS = YES_ERROR;
				CLANG_WARN_UNREACHABLE_CODE = YES;
				CLANG_WARN__DUPLICATE_METHOD_MATCH = YES;
				"CODE_SIGN_IDENTITY[sdk=iphoneos*]" = "iPhone Developer";
				COPY_PHASE_STRIP = NO;
				ENABLE_NS_ASSERTIONS = NO;
				ENABLE_STRICT_OBJC_MSGSEND = YES;
				GCC_C_LANGUAGE_STANDARD = gnu99;
				GCC_WARN_64_TO_32_BIT_CONVERSION = YES;
				GCC_WARN_ABOUT_RETURN_TYPE = YES_ERROR;
				GCC_WARN_UNDECLARED_SELECTOR = YES;
				GCC_WARN_UNINITIALIZED_AUTOS = YES_AGGRESSIVE;
				GCC_WARN_UNUSED_FUNCTION = YES;
				GCC_WARN_UNUSED_VARIABLE = YES;
				IPHONEOS_DEPLOYMENT_TARGET = 8.2;
				MTL_ENABLE_DEBUG_INFO = NO;
				SDKROOT = iphoneos;
				VALIDATE_PRODUCT = YES;
			};
			name = Release;
		};
		1E3FB5311AC5C30D00965D72 /* Debug */ = {
			isa = XCBuildConfiguration;
			buildSettings = {
				ASSETCATALOG_COMPILER_APPICON_NAME = AppIcon;
				INFOPLIST_FILE = "Tables with Slider/Info.plist";
				LD_RUNPATH_SEARCH_PATHS = "$(inherited) @executable_path/Frameworks";
				PRODUCT_NAME = "$(TARGET_NAME)";
			};
			name = Debug;
		};
		1E3FB5321AC5C30D00965D72 /* Release */ = {
			isa = XCBuildConfiguration;
			buildSettings = {
				ASSETCATALOG_COMPILER_APPICON_NAME = AppIcon;
				INFOPLIST_FILE = "Tables with Slider/Info.plist";
				LD_RUNPATH_SEARCH_PATHS = "$(inherited) @executable_path/Frameworks";
				PRODUCT_NAME = "$(TARGET_NAME)";
			};
			name = Release;
		};
		1E3FB5341AC5C30D00965D72 /* Debug */ = {
			isa = XCBuildConfiguration;
			buildSettings = {
				BUNDLE_LOADER = "$(TEST_HOST)";
				FRAMEWORK_SEARCH_PATHS = (
					"$(SDKROOT)/Developer/Library/Frameworks",
					"$(inherited)",
				);
				GCC_PREPROCESSOR_DEFINITIONS = (
					"DEBUG=1",
					"$(inherited)",
				);
				INFOPLIST_FILE = "Tables with SliderTests/Info.plist";
				LD_RUNPATH_SEARCH_PATHS = "$(inherited) @executable_path/Frameworks @loader_path/Frameworks";
				PRODUCT_NAME = "$(TARGET_NAME)";
				TEST_HOST = "$(BUILT_PRODUCTS_DIR)/Tables with Slider.app/Tables with Slider";
			};
			name = Debug;
		};
		1E3FB5351AC5C30D00965D72 /* Release */ = {
			isa = XCBuildConfiguration;
			buildSettings = {
				BUNDLE_LOADER = "$(TEST_HOST)";
				FRAMEWORK_SEARCH_PATHS = (
					"$(SDKROOT)/Developer/Library/Frameworks",
					"$(inherited)",
				);
				INFOPLIST_FILE = "Tables with SliderTests/Info.plist";
				LD_RUNPATH_SEARCH_PATHS = "$(inherited) @executable_path/Frameworks @loader_path/Frameworks";
				PRODUCT_NAME = "$(TARGET_NAME)";
				TEST_HOST = "$(BUILT_PRODUCTS_DIR)/Tables with Slider.app/Tables with Slider";
			};
			name = Release;
		};
/* End XCBuildConfiguration section */

/* Begin XCConfigurationList section */
		1E3FB50C1AC5C30D00965D72 /* Build configuration list for PBXProject "Tables with Slider" */ = {
			isa = XCConfigurationList;
			buildConfigurations = (
				1E3FB52E1AC5C30D00965D72 /* Debug */,
				1E3FB52F1AC5C30D00965D72 /* Release */,
			);
			defaultConfigurationIsVisible = 0;
			defaultConfigurationName = Release;
		};
		1E3FB5301AC5C30D00965D72 /* Build configuration list for PBXNativeTarget "Tables with Slider" */ = {
			isa = XCConfigurationList;
			buildConfigurations = (
				1E3FB5311AC5C30D00965D72 /* Debug */,
				1E3FB5321AC5C30D00965D72 /* Release */,
			);
			defaultConfigurationIsVisible = 0;
		};
		1E3FB5331AC5C30D00965D72 /* Build configuration list for PBXNativeTarget "Tables with SliderTests" */ = {
			isa = XCConfigurationList;
			buildConfigurations = (
				1E3FB5341AC5C30D00965D72 /* Debug */,
				1E3FB5351AC5C30D00965D72 /* Release */,
			);
			defaultConfigurationIsVisible = 0;
		};
/* End XCConfigurationList section */
	};
	rootObject = 1E3FB5091AC5C30D00965D72 /* Project object */;
}
