// !$*UTF8*$!
{
	archiveVersion = 1;
	classes = {
	};
	objectVersion = 46;
	objects = {

/* Begin PBXBuildFile section */
		1E1A35801B076615009B16BE /* AppDelegate.swift in Sources */ = {isa = PBXBuildFile; fileRef = 1E1A357F1B076615009B16BE /* AppDelegate.swift */; };
		1E1A35821B076615009B16BE /* ViewController.swift in Sources */ = {isa = PBXBuildFile; fileRef = 1E1A35811B076615009B16BE /* ViewController.swift */; };
		1E1A35851B076615009B16BE /* Main.storyboard in Resources */ = {isa = PBXBuildFile; fileRef = 1E1A35831B076615009B16BE /* Main.storyboard */; };
		1E1A35871B076615009B16BE /* Images.xcassets in Resources */ = {isa = PBXBuildFile; fileRef = 1E1A35861B076615009B16BE /* Images.xcassets */; };
		1E1A358A1B076615009B16BE /* LaunchScreen.xib in Resources */ = {isa = PBXBuildFile; fileRef = 1E1A35881B076615009B16BE /* LaunchScreen.xib */; };
		1E1A35961B076616009B16BE /* Downloading_Web_ContentTests.swift in Sources */ = {isa = PBXBuildFile; fileRef = 1E1A35951B076616009B16BE /* Downloading_Web_ContentTests.swift */; };
/* End PBXBuildFile section */

/* Begin PBXContainerItemProxy section */
		1E1A35901B076616009B16BE /* PBXContainerItemProxy */ = {
			isa = PBXContainerItemProxy;
			containerPortal = 1E1A35721B076615009B16BE /* Project object */;
			proxyType = 1;
			remoteGlobalIDString = 1E1A35791B076615009B16BE;
			remoteInfo = "Downloading Web Content";
		};
/* End PBXContainerItemProxy section */

/* Begin PBXFileReference section */
		1E1A357A1B076615009B16BE /* Downloading Web Content.app */ = {isa = PBXFileReference; explicitFileType = wrapper.application; includeInIndex = 0; path = "Downloading Web Content.app"; sourceTree = BUILT_PRODUCTS_DIR; };
		1E1A357E1B076615009B16BE /* Info.plist */ = {isa = PBXFileReference; lastKnownFileType = text.plist.xml; path = Info.plist; sourceTree = "<group>"; };
		1E1A357F1B076615009B16BE /* AppDelegate.swift */ = {isa = PBXFileReference; lastKnownFileType = sourcecode.swift; path = AppDelegate.swift; sourceTree = "<group>"; };
		1E1A35811B076615009B16BE /* ViewController.swift */ = {isa = PBXFileReference; lastKnownFileType = sourcecode.swift; path = ViewController.swift; sourceTree = "<group>"; };
		1E1A35841B076615009B16BE /* Base */ = {isa = PBXFileReference; lastKnownFileType = file.storyboard; name = Base; path = Base.lproj/Main.storyboard; sourceTree = "<group>"; };
		1E1A35861B076615009B16BE /* Images.xcassets */ = {isa = PBXFileReference; lastKnownFileType = folder.assetcatalog; path = Images.xcassets; sourceTree = "<group>"; };
		1E1A35891B076615009B16BE /* Base */ = {isa = PBXFileReference; lastKnownFileType = file.xib; name = Base; path = Base.lproj/LaunchScreen.xib; sourceTree = "<group>"; };
		1E1A358F1B076616009B16BE /* Downloading Web ContentTests.xctest */ = {isa = PBXFileReference; explicitFileType = wrapper.cfbundle; includeInIndex = 0; path = "Downloading Web ContentTests.xctest"; sourceTree = BUILT_PRODUCTS_DIR; };
		1E1A35941B076616009B16BE /* Info.plist */ = {isa = PBXFileReference; lastKnownFileType = text.plist.xml; path = Info.plist; sourceTree = "<group>"; };
		1E1A35951B076616009B16BE /* Downloading_Web_ContentTests.swift */ = {isa = PBXFileReference; lastKnownFileType = sourcecode.swift; path = Downloading_Web_ContentTests.swift; sourceTree = "<group>"; };
/* End PBXFileReference section */

/* Begin PBXFrameworksBuildPhase section */
		1E1A35771B076615009B16BE /* Frameworks */ = {
			isa = PBXFrameworksBuildPhase;
			buildActionMask = 2147483647;
			files = (
			);
			runOnlyForDeploymentPostprocessing = 0;
		};
		1E1A358C1B076616009B16BE /* Frameworks */ = {
			isa = PBXFrameworksBuildPhase;
			buildActionMask = 2147483647;
			files = (
			);
			runOnlyForDeploymentPostprocessing = 0;
		};
/* End PBXFrameworksBuildPhase section */

/* Begin PBXGroup section */
		1E1A35711B076615009B16BE = {
			isa = PBXGroup;
			children = (
				1E1A357C1B076615009B16BE /* Downloading Web Content */,
				1E1A35921B076616009B16BE /* Downloading Web ContentTests */,
				1E1A357B1B076615009B16BE /* Products */,
			);
			sourceTree = "<group>";
		};
		1E1A357B1B076615009B16BE /* Products */ = {
			isa = PBXGroup;
			children = (
				1E1A357A1B076615009B16BE /* Downloading Web Content.app */,
				1E1A358F1B076616009B16BE /* Downloading Web ContentTests.xctest */,
			);
			name = Products;
			sourceTree = "<group>";
		};
		1E1A357C1B076615009B16BE /* Downloading Web Content */ = {
			isa = PBXGroup;
			children = (
				1E1A357F1B076615009B16BE /* AppDelegate.swift */,
				1E1A35811B076615009B16BE /* ViewController.swift */,
				1E1A35831B076615009B16BE /* Main.storyboard */,
				1E1A35861B076615009B16BE /* Images.xcassets */,
				1E1A35881B076615009B16BE /* LaunchScreen.xib */,
				1E1A357D1B076615009B16BE /* Supporting Files */,
			);
			path = "Downloading Web Content";
			sourceTree = "<group>";
		};
		1E1A357D1B076615009B16BE /* Supporting Files */ = {
			isa = PBXGroup;
			children = (
				1E1A357E1B076615009B16BE /* Info.plist */,
			);
			name = "Supporting Files";
			sourceTree = "<group>";
		};
		1E1A35921B076616009B16BE /* Downloading Web ContentTests */ = {
			isa = PBXGroup;
			children = (
				1E1A35951B076616009B16BE /* Downloading_Web_ContentTests.swift */,
				1E1A35931B076616009B16BE /* Supporting Files */,
			);
			path = "Downloading Web ContentTests";
			sourceTree = "<group>";
		};
		1E1A35931B076616009B16BE /* Supporting Files */ = {
			isa = PBXGroup;
			children = (
				1E1A35941B076616009B16BE /* Info.plist */,
			);
			name = "Supporting Files";
			sourceTree = "<group>";
		};
/* End PBXGroup section */

/* Begin PBXNativeTarget section */
		1E1A35791B076615009B16BE /* Downloading Web Content */ = {
			isa = PBXNativeTarget;
			buildConfigurationList = 1E1A35991B076616009B16BE /* Build configuration list for PBXNativeTarget "Downloading Web Content" */;
			buildPhases = (
				1E1A35761B076615009B16BE /* Sources */,
				1E1A35771B076615009B16BE /* Frameworks */,
				1E1A35781B076615009B16BE /* Resources */,
			);
			buildRules = (
			);
			dependencies = (
			);
			name = "Downloading Web Content";
			productName = "Downloading Web Content";
			productReference = 1E1A357A1B076615009B16BE /* Downloading Web Content.app */;
			productType = "com.apple.product-type.application";
		};
		1E1A358E1B076616009B16BE /* Downloading Web ContentTests */ = {
			isa = PBXNativeTarget;
			buildConfigurationList = 1E1A359C1B076616009B16BE /* Build configuration list for PBXNativeTarget "Downloading Web ContentTests" */;
			buildPhases = (
				1E1A358B1B076616009B16BE /* Sources */,
				1E1A358C1B076616009B16BE /* Frameworks */,
				1E1A358D1B076616009B16BE /* Resources */,
			);
			buildRules = (
			);
			dependencies = (
				1E1A35911B076616009B16BE /* PBXTargetDependency */,
			);
			name = "Downloading Web ContentTests";
			productName = "Downloading Web ContentTests";
			productReference = 1E1A358F1B076616009B16BE /* Downloading Web ContentTests.xctest */;
			productType = "com.apple.product-type.bundle.unit-test";
		};
/* End PBXNativeTarget section */

/* Begin PBXProject section */
		1E1A35721B076615009B16BE /* Project object */ = {
			isa = PBXProject;
			attributes = {
				LastUpgradeCheck = 0630;
				ORGANIZATIONNAME = "Siddharth Bhatt";
				TargetAttributes = {
					1E1A35791B076615009B16BE = {
						CreatedOnToolsVersion = 6.3.1;
					};
					1E1A358E1B076616009B16BE = {
						CreatedOnToolsVersion = 6.3.1;
						TestTargetID = 1E1A35791B076615009B16BE;
					};
				};
			};
			buildConfigurationList = 1E1A35751B076615009B16BE /* Build configuration list for PBXProject "Downloading Web Content" */;
			compatibilityVersion = "Xcode 3.2";
			developmentRegion = English;
			hasScannedForEncodings = 0;
			knownRegions = (
				en,
				Base,
			);
			mainGroup = 1E1A35711B076615009B16BE;
			productRefGroup = 1E1A357B1B076615009B16BE /* Products */;
			projectDirPath = "";
			projectRoot = "";
			targets = (
				1E1A35791B076615009B16BE /* Downloading Web Content */,
				1E1A358E1B076616009B16BE /* Downloading Web ContentTests */,
			);
		};
/* End PBXProject section */

/* Begin PBXResourcesBuildPhase section */
		1E1A35781B076615009B16BE /* Resources */ = {
			isa = PBXResourcesBuildPhase;
			buildActionMask = 2147483647;
			files = (
				1E1A35851B076615009B16BE /* Main.storyboard in Resources */,
				1E1A358A1B076615009B16BE /* LaunchScreen.xib in Resources */,
				1E1A35871B076615009B16BE /* Images.xcassets in Resources */,
			);
			runOnlyForDeploymentPostprocessing = 0;
		};
		1E1A358D1B076616009B16BE /* Resources */ = {
			isa = PBXResourcesBuildPhase;
			buildActionMask = 2147483647;
			files = (
			);
			runOnlyForDeploymentPostprocessing = 0;
		};
/* End PBXResourcesBuildPhase section */

/* Begin PBXSourcesBuildPhase section */
		1E1A35761B076615009B16BE /* Sources */ = {
			isa = PBXSourcesBuildPhase;
			buildActionMask = 2147483647;
			files = (
				1E1A35821B076615009B16BE /* ViewController.swift in Sources */,
				1E1A35801B076615009B16BE /* AppDelegate.swift in Sources */,
			);
			runOnlyForDeploymentPostprocessing = 0;
		};
		1E1A358B1B076616009B16BE /* Sources */ = {
			isa = PBXSourcesBuildPhase;
			buildActionMask = 2147483647;
			files = (
				1E1A35961B076616009B16BE /* Downloading_Web_ContentTests.swift in Sources */,
			);
			runOnlyForDeploymentPostprocessing = 0;
		};
/* End PBXSourcesBuildPhase section */

/* Begin PBXTargetDependency section */
		1E1A35911B076616009B16BE /* PBXTargetDependency */ = {
			isa = PBXTargetDependency;
			target = 1E1A35791B076615009B16BE /* Downloading Web Content */;
			targetProxy = 1E1A35901B076616009B16BE /* PBXContainerItemProxy */;
		};
/* End PBXTargetDependency section */

/* Begin PBXVariantGroup section */
		1E1A35831B076615009B16BE /* Main.storyboard */ = {
			isa = PBXVariantGroup;
			children = (
				1E1A35841B076615009B16BE /* Base */,
			);
			name = Main.storyboard;
			sourceTree = "<group>";
		};
		1E1A35881B076615009B16BE /* LaunchScreen.xib */ = {
			isa = PBXVariantGroup;
			children = (
				1E1A35891B076615009B16BE /* Base */,
			);
			name = LaunchScreen.xib;
			sourceTree = "<group>";
		};
/* End PBXVariantGroup section */

/* Begin XCBuildConfiguration section */
		1E1A35971B076616009B16BE /* Debug */ = {
			isa = XCBuildConfiguration;
			buildSettings = {
				ALWAYS_SEARCH_USER_PATHS = NO;
				CLANG_CXX_LANGUAGE_STANDARD = "gnu++0x";
				CLANG_CXX_LIBRARY = "libc++";
				CLANG_ENABLE_MODULES = YES;
				CLANG_ENABLE_OBJC_ARC = YES;
				CLANG_WARN_BOOL_CONVERSION = YES;
				CLANG_WARN_CONSTANT_CONVERSION = YES;
				CLANG_WARN_DIRECT_OBJC_ISA_USAGE = YES_ERROR;
				CLANG_WARN_EMPTY_BODY = YES;
				CLANG_WARN_ENUM_CONVERSION = YES;
				CLANG_WARN_INT_CONVERSION = YES;
				CLANG_WARN_OBJC_ROOT_CLASS = YES_ERROR;
				CLANG_WARN_UNREACHABLE_CODE = YES;
				CLANG_WARN__DUPLICATE_METHOD_MATCH = YES;
				"CODE_SIGN_IDENTITY[sdk=iphoneos*]" = "iPhone Developer";
				COPY_PHASE_STRIP = NO;
				DEBUG_INFORMATION_FORMAT = "dwarf-with-dsym";
				ENABLE_STRICT_OBJC_MSGSEND = YES;
				GCC_C_LANGUAGE_STANDARD = gnu99;
				GCC_DYNAMIC_NO_PIC = NO;
				GCC_NO_COMMON_BLOCKS = YES;
				GCC_OPTIMIZATION_LEVEL = 0;
				GCC_PREPROCESSOR_DEFINITIONS = (
					"DEBUG=1",
					"$(inherited)",
				);
				GCC_SYMBOLS_PRIVATE_EXTERN = NO;
				GCC_WARN_64_TO_32_BIT_CONVERSION = YES;
				GCC_WARN_ABOUT_RETURN_TYPE = YES_ERROR;
				GCC_WARN_UNDECLARED_SELECTOR = YES;
				GCC_WARN_UNINITIALIZED_AUTOS = YES_AGGRESSIVE;
				GCC_WARN_UNUSED_FUNCTION = YES;
				GCC_WARN_UNUSED_VARIABLE = YES;
				IPHONEOS_DEPLOYMENT_TARGET = 8.3;
				MTL_ENABLE_DEBUG_INFO = YES;
				ONLY_ACTIVE_ARCH = YES;
				SDKROOT = iphoneos;
				SWIFT_OPTIMIZATION_LEVEL = "-Onone";
			};
			name = Debug;
		};
		1E1A35981B076616009B16BE /* Release */ = {
			isa = XCBuildConfiguration;
			buildSettings = {
				ALWAYS_SEARCH_USER_PATHS = NO;
				CLANG_CXX_LANGUAGE_STANDARD = "gnu++0x";
				CLANG_CXX_LIBRARY = "libc++";
				CLANG_ENABLE_MODULES = YES;
				CLANG_ENABLE_OBJC_ARC = YES;
				CLANG_WARN_BOOL_CONVERSION = YES;
				CLANG_WARN_CONSTANT_CONVERSION = YES;
				CLANG_WARN_DIRECT_OBJC_ISA_USAGE = YES_ERROR;
				CLANG_WARN_EMPTY_BODY = YES;
				CLANG_WARN_ENUM_CONVERSION = YES;
				CLANG_WARN_INT_CONVERSION = YES;
				CLANG_WARN_OBJC_ROOT_CLASS = YES_ERROR;
				CLANG_WARN_UNREACHABLE_CODE = YES;
				CLANG_WARN__DUPLICATE_METHOD_MATCH = YES;
				"CODE_SIGN_IDENTITY[sdk=iphoneos*]" = "iPhone Developer";
				COPY_PHASE_STRIP = NO;
				DEBUG_INFORMATION_FORMAT = "dwarf-with-dsym";
				ENABLE_NS_ASSERTIONS = NO;
				ENABLE_STRICT_OBJC_MSGSEND = YES;
				GCC_C_LANGUAGE_STANDARD = gnu99;
				GCC_NO_COMMON_BLOCKS = YES;
				GCC_WARN_64_TO_32_BIT_CONVERSION = YES;
				GCC_WARN_ABOUT_RETURN_TYPE = YES_ERROR;
				GCC_WARN_UNDECLARED_SELECTOR = YES;
				GCC_WARN_UNINITIALIZED_AUTOS = YES_AGGRESSIVE;
				GCC_WARN_UNUSED_FUNCTION = YES;
				GCC_WARN_UNUSED_VARIABLE = YES;
				IPHONEOS_DEPLOYMENT_TARGET = 8.3;
				MTL_ENABLE_DEBUG_INFO = NO;
				SDKROOT = iphoneos;
				VALIDATE_PRODUCT = YES;
			};
			name = Release;
		};
		1E1A359A1B076616009B16BE /* Debug */ = {
			isa = XCBuildConfiguration;
			buildSettings = {
				ASSETCATALOG_COMPILER_APPICON_NAME = AppIcon;
				INFOPLIST_FILE = "Downloading Web Content/Info.plist";
				LD_RUNPATH_SEARCH_PATHS = "$(inherited) @executable_path/Frameworks";
				PRODUCT_NAME = "$(TARGET_NAME)";
			};
			name = Debug;
		};
		1E1A359B1B076616009B16BE /* Release */ = {
			isa = XCBuildConfiguration;
			buildSettings = {
				ASSETCATALOG_COMPILER_APPICON_NAME = AppIcon;
				INFOPLIST_FILE = "Downloading Web Content/Info.plist";
				LD_RUNPATH_SEARCH_PATHS = "$(inherited) @executable_path/Frameworks";
				PRODUCT_NAME = "$(TARGET_NAME)";
			};
			name = Release;
		};
		1E1A359D1B076616009B16BE /* Debug */ = {
			isa = XCBuildConfiguration;
			buildSettings = {
				BUNDLE_LOADER = "$(TEST_HOST)";
				FRAMEWORK_SEARCH_PATHS = (
					"$(SDKROOT)/Developer/Library/Frameworks",
					"$(inherited)",
				);
				GCC_PREPROCESSOR_DEFINITIONS = (
					"DEBUG=1",
					"$(inherited)",
				);
				INFOPLIST_FILE = "Downloading Web ContentTests/Info.plist";
				LD_RUNPATH_SEARCH_PATHS = "$(inherited) @executable_path/Frameworks @loader_path/Frameworks";
				PRODUCT_NAME = "$(TARGET_NAME)";
				TEST_HOST = "$(BUILT_PRODUCTS_DIR)/Downloading Web Content.app/Downloading Web Content";
			};
			name = Debug;
		};
		1E1A359E1B076616009B16BE /* Release */ = {
			isa = XCBuildConfiguration;
			buildSettings = {
				BUNDLE_LOADER = "$(TEST_HOST)";
				FRAMEWORK_SEARCH_PATHS = (
					"$(SDKROOT)/Developer/Library/Frameworks",
					"$(inherited)",
				);
				INFOPLIST_FILE = "Downloading Web ContentTests/Info.plist";
				LD_RUNPATH_SEARCH_PATHS = "$(inherited) @executable_path/Frameworks @loader_path/Frameworks";
				PRODUCT_NAME = "$(TARGET_NAME)";
				TEST_HOST = "$(BUILT_PRODUCTS_DIR)/Downloading Web Content.app/Downloading Web Content";
			};
			name = Release;
		};
/* End XCBuildConfiguration section */

/* Begin XCConfigurationList section */
		1E1A35751B076615009B16BE /* Build configuration list for PBXProject "Downloading Web Content" */ = {
			isa = XCConfigurationList;
			buildConfigurations = (
				1E1A35971B076616009B16BE /* Debug */,
				1E1A35981B076616009B16BE /* Release */,
			);
			defaultConfigurationIsVisible = 0;
			defaultConfigurationName = Release;
		};
		1E1A35991B076616009B16BE /* Build configuration list for PBXNativeTarget "Downloading Web Content" */ = {
			isa = XCConfigurationList;
			buildConfigurations = (
				1E1A359A1B076616009B16BE /* Debug */,
				1E1A359B1B076616009B16BE /* Release */,
			);
			defaultConfigurationIsVisible = 0;
		};
		1E1A359C1B076616009B16BE /* Build configuration list for PBXNativeTarget "Downloading Web ContentTests" */ = {
			isa = XCConfigurationList;
			buildConfigurations = (
				1E1A359D1B076616009B16BE /* Debug */,
				1E1A359E1B076616009B16BE /* Release */,
			);
			defaultConfigurationIsVisible = 0;
		};
/* End XCConfigurationList section */
	};
	rootObject = 1E1A35721B076615009B16BE /* Project object */;
}
